
Microsoft Visual Studio Solution File, Format Version 12.00
# Visual Studio Version 16
VisualStudioVersion = 16.0.30611.23
MinimumVisualStudioVersion = 10.0.40219.1
Project("{9A19103F-16F7-4668-BE54-9A1E7A4F7556}") = "MasterDetailsDataEntry.Demo", "MasterDetailsDataEntry.Demo\MasterDetailsDataEntry.Demo.csproj", "{B3E89103-CE1A-4604-9F04-B6F362F01FD3}"
EndProject
Project("{FAE04EC0-301F-11D3-BF4B-00C04F79EFBC}") = "MasterDetailsDataEntry.Blazor", "MasterDetailsDataEntry.Blazor\MasterDetailsDataEntry.Blazor.csproj", "{1796EDCC-45A2-4213-A5D6-33015F4DEC4C}"
EndProject
Project("{FAE04EC0-301F-11D3-BF4B-00C04F79EFBC}") = "MasterDetailsDataEntry.Shared", "MasterDetailsDataEntry.Shared\MasterDetailsDataEntry.Shared.csproj", "{70F6BEF8-597D-4CA0-B01F-92B3A012606E}"
EndProject
Project("{FAE04EC0-301F-11D3-BF4B-00C04F79EFBC}") = "MasterDetailsDataEntry", "MasterDetailsDataEntry\MasterDetailsDataEntry.csproj", "{0F30A083-47CD-4742-BE4F-154D9447B148}"
EndProject
Project("{FAE04EC0-301F-11D3-BF4B-00C04F79EFBC}") = "MasterDetailsDataEntry.Tests", "MasterDetailsDataEntry.Tests\MasterDetailsDataEntry.Tests.csproj", "{D79D130E-B462-4BB8-867F-B13F89808127}"
EndProject
Global
	GlobalSection(SolutionConfigurationPlatforms) = preSolution
		Debug|Any CPU = Debug|Any CPU
		Release|Any CPU = Release|Any CPU
	EndGlobalSection
	GlobalSection(ProjectConfigurationPlatforms) = postSolution
		{B3E89103-CE1A-4604-9F04-B6F362F01FD3}.Debug|Any CPU.ActiveCfg = Debug|Any CPU
		{B3E89103-CE1A-4604-9F04-B6F362F01FD3}.Debug|Any CPU.Build.0 = Debug|Any CPU
		{B3E89103-CE1A-4604-9F04-B6F362F01FD3}.Release|Any CPU.ActiveCfg = Release|Any CPU
		{B3E89103-CE1A-4604-9F04-B6F362F01FD3}.Release|Any CPU.Build.0 = Release|Any CPU
		{1796EDCC-45A2-4213-A5D6-33015F4DEC4C}.Debug|Any CPU.ActiveCfg = Debug|Any CPU
		{1796EDCC-45A2-4213-A5D6-33015F4DEC4C}.Debug|Any CPU.Build.0 = Debug|Any CPU
		{1796EDCC-45A2-4213-A5D6-33015F4DEC4C}.Release|Any CPU.ActiveCfg = Release|Any CPU
		{1796EDCC-45A2-4213-A5D6-33015F4DEC4C}.Release|Any CPU.Build.0 = Release|Any CPU
		{70F6BEF8-597D-4CA0-B01F-92B3A012606E}.Debug|Any CPU.ActiveCfg = Debug|Any CPU
		{70F6BEF8-597D-4CA0-B01F-92B3A012606E}.Debug|Any CPU.Build.0 = Debug|Any CPU
		{70F6BEF8-597D-4CA0-B01F-92B3A012606E}.Release|Any CPU.ActiveCfg = Release|Any CPU
		{70F6BEF8-597D-4CA0-B01F-92B3A012606E}.Release|Any CPU.Build.0 = Release|Any CPU
		{0F30A083-47CD-4742-BE4F-154D9447B148}.Debug|Any CPU.ActiveCfg = Debug|Any CPU
		{0F30A083-47CD-4742-BE4F-154D9447B148}.Debug|Any CPU.Build.0 = Debug|Any CPU
		{0F30A083-47CD-4742-BE4F-154D9447B148}.Release|Any CPU.ActiveCfg = Release|Any CPU
		{0F30A083-47CD-4742-BE4F-154D9447B148}.Release|Any CPU.Build.0 = Release|Any CPU
		{D79D130E-B462-4BB8-867F-B13F89808127}.Debug|Any CPU.ActiveCfg = Debug|Any CPU
		{D79D130E-B462-4BB8-867F-B13F89808127}.Debug|Any CPU.Build.0 = Debug|Any CPU
		{D79D130E-B462-4BB8-867F-B13F89808127}.Release|Any CPU.ActiveCfg = Release|Any CPU
		{D79D130E-B462-4BB8-867F-B13F89808127}.Release|Any CPU.Build.0 = Release|Any CPU
	EndGlobalSection
	GlobalSection(SolutionProperties) = preSolution
		HideSolutionNode = FALSE
	EndGlobalSection
	GlobalSection(ExtensibilityGlobals) = postSolution
		SolutionGuid = {F9846F56-7C10-43F1-8EC0-0BDAF175072E}
	EndGlobalSection
EndGlobal
