
Microsoft Visual Studio Solution File, Format Version 12.00
# Visual Studio Version 16
VisualStudioVersion = 16.0.30611.23
MinimumVisualStudioVersion = 10.0.40219.1
Project("{9A19103F-16F7-4668-BE54-9A1E7A4F7556}") = "MasterDetailsDataEntry.Tests", "MasterDetailsDataEntry.Tests\MasterDetailsDataEntry.Tests.csproj", "{D79D130E-B462-4BB8-867F-B13F89808127}"
EndProject
Project("{9A19103F-16F7-4668-BE54-9A1E7A4F7556}") = "MasterDetailsDataEntry.Demo.Database", "MasterDetailsDataEntry.Demo.Database\MasterDetailsDataEntry.Demo.Database.csproj", "{3C9818AD-FCB1-4C28-9F82-98454959CCF4}"
EndProject
Project("{9A19103F-16F7-4668-BE54-9A1E7A4F7556}") = "Platz.SqlForms", "Platz.SqlForms\Platz.SqlForms.csproj", "{60839916-A868-42AA-A794-CF0DA378D439}"
EndProject
Project("{9A19103F-16F7-4668-BE54-9A1E7A4F7556}") = "Platz.SqlForms.Shared", "Platz.SqlForms.Shared\Platz.SqlForms.Shared.csproj", "{6FD9FA96-65CA-47D0-9FC9-385FB97C6C9E}"
EndProject
Project("{9A19103F-16F7-4668-BE54-9A1E7A4F7556}") = "Platz.SqlForms.Blazor", "Platz.SqlForms.Blazor\Platz.SqlForms.Blazor.csproj", "{6EDFF8D8-643A-4DC5-95F1-BFA87E80960D}"
EndProject
Project("{9A19103F-16F7-4668-BE54-9A1E7A4F7556}") = "Platz.ObjectBuilder", "Platz.ObjectBuilder\Platz.ObjectBuilder.csproj", "{A2AD538B-327A-4BDC-AC8F-2EACED477776}"
EndProject
Project("{9A19103F-16F7-4668-BE54-9A1E7A4F7556}") = "Platz.ObjectBuilder.Blazor", "Platz.ObjectBuilder.Blazor\Platz.ObjectBuilder.Blazor.csproj", "{CE7C1144-4163-44B4-BA5C-AB58C2A1FD50}"
EndProject
Project("{2150E333-8FDC-42A3-9474-1A3956D46DE8}") = "Tests", "Tests", "{65DA840A-B566-4CCF-BF3F-373D31F907D3}"
EndProject
Project("{9A19103F-16F7-4668-BE54-9A1E7A4F7556}") = "Platz.ObjectBuilder.Tests", "Platz.ObjectBuilder.Tests\Platz.ObjectBuilder.Tests.csproj", "{51927228-452D-41E5-B94F-5DC53C1191A2}"
EndProject
Project("{2150E333-8FDC-42A3-9474-1A3956D46DE8}") = "SqlForms", "SqlForms", "{FECD7F4C-A673-4945-B11E-68DA78A27DD6}"
EndProject
Project("{2150E333-8FDC-42A3-9474-1A3956D46DE8}") = "ObjectBuilder", "ObjectBuilder", "{2859855A-5EFC-4AE0-AF18-AA82EA12E158}"
EndProject
Project("{FAE04EC0-301F-11D3-BF4B-00C04F79EFBC}") = "Platz.ObjectBuilder.Templates", "Platz.ObjectBuilder.Templates\Platz.ObjectBuilder.Templates.csproj", "{92A9C8E4-2110-4B00-BC10-A53468BE8B51}"
EndProject
Project("{FAE04EC0-301F-11D3-BF4B-00C04F79EFBC}") = "SqlForms.Demo", "SqlForms.Demo\SqlForms.Demo.csproj", "{3F5364F6-9D31-4861-88CF-761EBA12AB32}"
EndProject
Global
	GlobalSection(SolutionConfigurationPlatforms) = preSolution
		Debug|Any CPU = Debug|Any CPU
		Release|Any CPU = Release|Any CPU
	EndGlobalSection
	GlobalSection(ProjectConfigurationPlatforms) = postSolution
		{D79D130E-B462-4BB8-867F-B13F89808127}.Debug|Any CPU.ActiveCfg = Debug|Any CPU
		{D79D130E-B462-4BB8-867F-B13F89808127}.Debug|Any CPU.Build.0 = Debug|Any CPU
		{D79D130E-B462-4BB8-867F-B13F89808127}.Release|Any CPU.ActiveCfg = Release|Any CPU
		{D79D130E-B462-4BB8-867F-B13F89808127}.Release|Any CPU.Build.0 = Release|Any CPU
		{3C9818AD-FCB1-4C28-9F82-98454959CCF4}.Debug|Any CPU.ActiveCfg = Debug|Any CPU
		{3C9818AD-FCB1-4C28-9F82-98454959CCF4}.Debug|Any CPU.Build.0 = Debug|Any CPU
		{3C9818AD-FCB1-4C28-9F82-98454959CCF4}.Release|Any CPU.ActiveCfg = Release|Any CPU
		{3C9818AD-FCB1-4C28-9F82-98454959CCF4}.Release|Any CPU.Build.0 = Release|Any CPU
		{60839916-A868-42AA-A794-CF0DA378D439}.Debug|Any CPU.ActiveCfg = Debug|Any CPU
		{60839916-A868-42AA-A794-CF0DA378D439}.Debug|Any CPU.Build.0 = Debug|Any CPU
		{60839916-A868-42AA-A794-CF0DA378D439}.Release|Any CPU.ActiveCfg = Release|Any CPU
		{60839916-A868-42AA-A794-CF0DA378D439}.Release|Any CPU.Build.0 = Release|Any CPU
		{6FD9FA96-65CA-47D0-9FC9-385FB97C6C9E}.Debug|Any CPU.ActiveCfg = Debug|Any CPU
		{6FD9FA96-65CA-47D0-9FC9-385FB97C6C9E}.Debug|Any CPU.Build.0 = Debug|Any CPU
		{6FD9FA96-65CA-47D0-9FC9-385FB97C6C9E}.Release|Any CPU.ActiveCfg = Release|Any CPU
		{6FD9FA96-65CA-47D0-9FC9-385FB97C6C9E}.Release|Any CPU.Build.0 = Release|Any CPU
		{6EDFF8D8-643A-4DC5-95F1-BFA87E80960D}.Debug|Any CPU.ActiveCfg = Debug|Any CPU
		{6EDFF8D8-643A-4DC5-95F1-BFA87E80960D}.Debug|Any CPU.Build.0 = Debug|Any CPU
		{6EDFF8D8-643A-4DC5-95F1-BFA87E80960D}.Release|Any CPU.ActiveCfg = Release|Any CPU
		{6EDFF8D8-643A-4DC5-95F1-BFA87E80960D}.Release|Any CPU.Build.0 = Release|Any CPU
		{A2AD538B-327A-4BDC-AC8F-2EACED477776}.Debug|Any CPU.ActiveCfg = Debug|Any CPU
		{A2AD538B-327A-4BDC-AC8F-2EACED477776}.Debug|Any CPU.Build.0 = Debug|Any CPU
		{A2AD538B-327A-4BDC-AC8F-2EACED477776}.Release|Any CPU.ActiveCfg = Release|Any CPU
		{A2AD538B-327A-4BDC-AC8F-2EACED477776}.Release|Any CPU.Build.0 = Release|Any CPU
		{CE7C1144-4163-44B4-BA5C-AB58C2A1FD50}.Debug|Any CPU.ActiveCfg = Debug|Any CPU
		{CE7C1144-4163-44B4-BA5C-AB58C2A1FD50}.Debug|Any CPU.Build.0 = Debug|Any CPU
		{CE7C1144-4163-44B4-BA5C-AB58C2A1FD50}.Release|Any CPU.ActiveCfg = Release|Any CPU
		{CE7C1144-4163-44B4-BA5C-AB58C2A1FD50}.Release|Any CPU.Build.0 = Release|Any CPU
		{51927228-452D-41E5-B94F-5DC53C1191A2}.Debug|Any CPU.ActiveCfg = Debug|Any CPU
		{51927228-452D-41E5-B94F-5DC53C1191A2}.Debug|Any CPU.Build.0 = Debug|Any CPU
		{51927228-452D-41E5-B94F-5DC53C1191A2}.Release|Any CPU.ActiveCfg = Release|Any CPU
		{51927228-452D-41E5-B94F-5DC53C1191A2}.Release|Any CPU.Build.0 = Release|Any CPU
		{92A9C8E4-2110-4B00-BC10-A53468BE8B51}.Debug|Any CPU.ActiveCfg = Debug|Any CPU
		{92A9C8E4-2110-4B00-BC10-A53468BE8B51}.Debug|Any CPU.Build.0 = Debug|Any CPU
		{92A9C8E4-2110-4B00-BC10-A53468BE8B51}.Release|Any CPU.ActiveCfg = Release|Any CPU
		{92A9C8E4-2110-4B00-BC10-A53468BE8B51}.Release|Any CPU.Build.0 = Release|Any CPU
		{3F5364F6-9D31-4861-88CF-761EBA12AB32}.Debug|Any CPU.ActiveCfg = Debug|Any CPU
		{3F5364F6-9D31-4861-88CF-761EBA12AB32}.Debug|Any CPU.Build.0 = Debug|Any CPU
		{3F5364F6-9D31-4861-88CF-761EBA12AB32}.Release|Any CPU.ActiveCfg = Release|Any CPU
		{3F5364F6-9D31-4861-88CF-761EBA12AB32}.Release|Any CPU.Build.0 = Release|Any CPU
	EndGlobalSection
	GlobalSection(SolutionProperties) = preSolution
		HideSolutionNode = FALSE
	EndGlobalSection
	GlobalSection(NestedProjects) = preSolution
		{D79D130E-B462-4BB8-867F-B13F89808127} = {65DA840A-B566-4CCF-BF3F-373D31F907D3}
		{60839916-A868-42AA-A794-CF0DA378D439} = {FECD7F4C-A673-4945-B11E-68DA78A27DD6}
		{6FD9FA96-65CA-47D0-9FC9-385FB97C6C9E} = {FECD7F4C-A673-4945-B11E-68DA78A27DD6}
		{6EDFF8D8-643A-4DC5-95F1-BFA87E80960D} = {FECD7F4C-A673-4945-B11E-68DA78A27DD6}
		{A2AD538B-327A-4BDC-AC8F-2EACED477776} = {2859855A-5EFC-4AE0-AF18-AA82EA12E158}
		{CE7C1144-4163-44B4-BA5C-AB58C2A1FD50} = {2859855A-5EFC-4AE0-AF18-AA82EA12E158}
		{51927228-452D-41E5-B94F-5DC53C1191A2} = {65DA840A-B566-4CCF-BF3F-373D31F907D3}
		{92A9C8E4-2110-4B00-BC10-A53468BE8B51} = {2859855A-5EFC-4AE0-AF18-AA82EA12E158}
	EndGlobalSection
	GlobalSection(ExtensibilityGlobals) = postSolution
		SolutionGuid = {F9846F56-7C10-43F1-8EC0-0BDAF175072E}
	EndGlobalSection
EndGlobal
