
Microsoft Visual Studio Solution File, Format Version 12.00
# Visual Studio Version 16
VisualStudioVersion = 16.0.31410.357
MinimumVisualStudioVersion = 10.0.40219.1
Project("{9A19103F-16F7-4668-BE54-9A1E7A4F7556}") = "SqlForms.Demo.Database", "SqlForms.Demo.Database\SqlForms.Demo.Database.csproj", "{291EEB4C-F3C1-47D7-91E8-2829238EE96E}"
EndProject
Project("{9A19103F-16F7-4668-BE54-9A1E7A4F7556}") = "MyApp", "MyApp\MyApp.csproj", "{7598403F-D401-4CEA-8D4D-A8F1530127A1}"
EndProject
Project("{9A19103F-16F7-4668-BE54-9A1E7A4F7556}") = "SqlForms.Builder", "SqlForms.Builder\SqlForms.Builder.csproj", "{0998327E-110D-4A2B-BE63-0145CB50128A}"
EndProject
Global
	GlobalSection(SolutionConfigurationPlatforms) = preSolution
		Debug|Any CPU = Debug|Any CPU
		Release|Any CPU = Release|Any CPU
	EndGlobalSection
	GlobalSection(ProjectConfigurationPlatforms) = postSolution
		{291EEB4C-F3C1-47D7-91E8-2829238EE96E}.Debug|Any CPU.ActiveCfg = Debug|Any CPU
		{291EEB4C-F3C1-47D7-91E8-2829238EE96E}.Debug|Any CPU.Build.0 = Debug|Any CPU
		{291EEB4C-F3C1-47D7-91E8-2829238EE96E}.Release|Any CPU.ActiveCfg = Release|Any CPU
		{291EEB4C-F3C1-47D7-91E8-2829238EE96E}.Release|Any CPU.Build.0 = Release|Any CPU
		{7598403F-D401-4CEA-8D4D-A8F1530127A1}.Debug|Any CPU.ActiveCfg = Debug|Any CPU
		{7598403F-D401-4CEA-8D4D-A8F1530127A1}.Debug|Any CPU.Build.0 = Debug|Any CPU
		{7598403F-D401-4CEA-8D4D-A8F1530127A1}.Release|Any CPU.ActiveCfg = Release|Any CPU
		{7598403F-D401-4CEA-8D4D-A8F1530127A1}.Release|Any CPU.Build.0 = Release|Any CPU
		{0998327E-110D-4A2B-BE63-0145CB50128A}.Debug|Any CPU.ActiveCfg = Debug|Any CPU
		{0998327E-110D-4A2B-BE63-0145CB50128A}.Debug|Any CPU.Build.0 = Debug|Any CPU
		{0998327E-110D-4A2B-BE63-0145CB50128A}.Release|Any CPU.ActiveCfg = Release|Any CPU
		{0998327E-110D-4A2B-BE63-0145CB50128A}.Release|Any CPU.Build.0 = Release|Any CPU
	EndGlobalSection
	GlobalSection(SolutionProperties) = preSolution
		HideSolutionNode = FALSE
	EndGlobalSection
	GlobalSection(ExtensibilityGlobals) = postSolution
		SolutionGuid = {6B5B9857-BE0F-4D81-BDCF-0EEEE498B9C5}
	EndGlobalSection
EndGlobal
